
Microsoft Visual Studio Solution File, Format Version 12.00
# Visual Studio Version 16
VisualStudioVersion = 16.0.30330.147
MinimumVisualStudioVersion = 10.0.40219.1
Project("{9A19103F-16F7-4668-BE54-9A1E7A4F7556}") = "Contract", "Contract.csproj", "{BF1AE227-899B-43E1-B2DA-EF0B663C7895}"
EndProject
Global
	GlobalSection(SolutionConfigurationPlatforms) = preSolution
		Debug|Any CPU = Debug|Any CPU
		Release|Any CPU = Release|Any CPU
	EndGlobalSection
	GlobalSection(ProjectConfigurationPlatforms) = postSolution
		{BF1AE227-899B-43E1-B2DA-EF0B663C7895}.Debug|Any CPU.ActiveCfg = Debug|Any CPU
		{BF1AE227-899B-43E1-B2DA-EF0B663C7895}.Debug|Any CPU.Build.0 = Debug|Any CPU
		{BF1AE227-899B-43E1-B2DA-EF0B663C7895}.Release|Any CPU.ActiveCfg = Release|Any CPU
		{BF1AE227-899B-43E1-B2DA-EF0B663C7895}.Release|Any CPU.Build.0 = Release|Any CPU
	EndGlobalSection
	GlobalSection(SolutionProperties) = preSolution
		HideSolutionNode = FALSE
	EndGlobalSection
	GlobalSection(ExtensibilityGlobals) = postSolution
		SolutionGuid = {68BF92E2-4B98-497D-98D0-4341B7E173A7}
	EndGlobalSection
EndGlobal
